// !$*UTF8*$!
{
	archiveVersion = 1;
	classes = {
	};
	objectVersion = 46;
	objects = {

/* Begin PBXBuildFile section */
		020479261B78362A001570B9 /* ColorWheel.m in Sources */ = {isa = PBXBuildFile; fileRef = 020479251B78362A001570B9 /* ColorWheel.m */; };
		02AA14531B78071A00EF76EB /* FactBook.m in Sources */ = {isa = PBXBuildFile; fileRef = 02AA14521B78071A00EF76EB /* FactBook.m */; };
		02B410B31B768D7600C3E7CC /* main.m in Sources */ = {isa = PBXBuildFile; fileRef = 02B410B21B768D7600C3E7CC /* main.m */; };
		02B410B61B768D7600C3E7CC /* AppDelegate.m in Sources */ = {isa = PBXBuildFile; fileRef = 02B410B51B768D7600C3E7CC /* AppDelegate.m */; };
		02B410B91B768D7700C3E7CC /* ViewController.m in Sources */ = {isa = PBXBuildFile; fileRef = 02B410B81B768D7700C3E7CC /* ViewController.m */; };
		02B410BC1B768D7700C3E7CC /* Main.storyboard in Resources */ = {isa = PBXBuildFile; fileRef = 02B410BA1B768D7700C3E7CC /* Main.storyboard */; };
		02B410BE1B768D7700C3E7CC /* Images.xcassets in Resources */ = {isa = PBXBuildFile; fileRef = 02B410BD1B768D7700C3E7CC /* Images.xcassets */; };
		02B410C11B768D7700C3E7CC /* LaunchScreen.xib in Resources */ = {isa = PBXBuildFile; fileRef = 02B410BF1B768D7700C3E7CC /* LaunchScreen.xib */; };
		02B410CD1B768D7700C3E7CC /* FunFactsTests.m in Sources */ = {isa = PBXBuildFile; fileRef = 02B410CC1B768D7700C3E7CC /* FunFactsTests.m */; };
/* End PBXBuildFile section */

/* Begin PBXContainerItemProxy section */
		02B410C71B768D7700C3E7CC /* PBXContainerItemProxy */ = {
			isa = PBXContainerItemProxy;
			containerPortal = 02B410A51B768D7600C3E7CC /* Project object */;
			proxyType = 1;
			remoteGlobalIDString = 02B410AC1B768D7600C3E7CC;
			remoteInfo = FunFacts;
		};
/* End PBXContainerItemProxy section */

/* Begin PBXFileReference section */
		020479241B78362A001570B9 /* ColorWheel.h */ = {isa = PBXFileReference; fileEncoding = 4; lastKnownFileType = sourcecode.c.h; path = ColorWheel.h; sourceTree = "<group>"; };
		020479251B78362A001570B9 /* ColorWheel.m */ = {isa = PBXFileReference; fileEncoding = 4; lastKnownFileType = sourcecode.c.objc; path = ColorWheel.m; sourceTree = "<group>"; };
		02AA14511B78071A00EF76EB /* FactBook.h */ = {isa = PBXFileReference; fileEncoding = 4; lastKnownFileType = sourcecode.c.h; path = FactBook.h; sourceTree = "<group>"; };
		02AA14521B78071A00EF76EB /* FactBook.m */ = {isa = PBXFileReference; fileEncoding = 4; lastKnownFileType = sourcecode.c.objc; path = FactBook.m; sourceTree = "<group>"; };
		02B410AD1B768D7600C3E7CC /* FunFacts.app */ = {isa = PBXFileReference; explicitFileType = wrapper.application; includeInIndex = 0; path = FunFacts.app; sourceTree = BUILT_PRODUCTS_DIR; };
		02B410B11B768D7600C3E7CC /* Info.plist */ = {isa = PBXFileReference; lastKnownFileType = text.plist.xml; path = Info.plist; sourceTree = "<group>"; };
		02B410B21B768D7600C3E7CC /* main.m */ = {isa = PBXFileReference; lastKnownFileType = sourcecode.c.objc; path = main.m; sourceTree = "<group>"; };
		02B410B41B768D7600C3E7CC /* AppDelegate.h */ = {isa = PBXFileReference; lastKnownFileType = sourcecode.c.h; path = AppDelegate.h; sourceTree = "<group>"; };
		02B410B51B768D7600C3E7CC /* AppDelegate.m */ = {isa = PBXFileReference; lastKnownFileType = sourcecode.c.objc; path = AppDelegate.m; sourceTree = "<group>"; };
		02B410B71B768D7600C3E7CC /* ViewController.h */ = {isa = PBXFileReference; lastKnownFileType = sourcecode.c.h; path = ViewController.h; sourceTree = "<group>"; };
		02B410B81B768D7700C3E7CC /* ViewController.m */ = {isa = PBXFileReference; lastKnownFileType = sourcecode.c.objc; path = ViewController.m; sourceTree = "<group>"; };
		02B410BB1B768D7700C3E7CC /* Base */ = {isa = PBXFileReference; lastKnownFileType = file.storyboard; name = Base; path = Base.lproj/Main.storyboard; sourceTree = "<group>"; };
		02B410BD1B768D7700C3E7CC /* Images.xcassets */ = {isa = PBXFileReference; lastKnownFileType = folder.assetcatalog; path = Images.xcassets; sourceTree = "<group>"; };
		02B410C01B768D7700C3E7CC /* Base */ = {isa = PBXFileReference; lastKnownFileType = file.xib; name = Base; path = Base.lproj/LaunchScreen.xib; sourceTree = "<group>"; };
		02B410C61B768D7700C3E7CC /* FunFactsTests.xctest */ = {isa = PBXFileReference; explicitFileType = wrapper.cfbundle; includeInIndex = 0; path = FunFactsTests.xctest; sourceTree = BUILT_PRODUCTS_DIR; };
		02B410CB1B768D7700C3E7CC /* Info.plist */ = {isa = PBXFileReference; lastKnownFileType = text.plist.xml; path = Info.plist; sourceTree = "<group>"; };
		02B410CC1B768D7700C3E7CC /* FunFactsTests.m */ = {isa = PBXFileReference; lastKnownFileType = sourcecode.c.objc; path = FunFactsTests.m; sourceTree = "<group>"; };
/* End PBXFileReference section */

/* Begin PBXFrameworksBuildPhase section */
		02B410AA1B768D7600C3E7CC /* Frameworks */ = {
			isa = PBXFrameworksBuildPhase;
			buildActionMask = 2147483647;
			files = (
			);
			runOnlyForDeploymentPostprocessing = 0;
		};
		02B410C31B768D7700C3E7CC /* Frameworks */ = {
			isa = PBXFrameworksBuildPhase;
			buildActionMask = 2147483647;
			files = (
			);
			runOnlyForDeploymentPostprocessing = 0;
		};
/* End PBXFrameworksBuildPhase section */

/* Begin PBXGroup section */
		02B410A41B768D7600C3E7CC = {
			isa = PBXGroup;
			children = (
				02B410AF1B768D7600C3E7CC /* FunFacts */,
				02B410C91B768D7700C3E7CC /* FunFactsTests */,
				02B410AE1B768D7600C3E7CC /* Products */,
			);
			sourceTree = "<group>";
		};
		02B410AE1B768D7600C3E7CC /* Products */ = {
			isa = PBXGroup;
			children = (
				02B410AD1B768D7600C3E7CC /* FunFacts.app */,
				02B410C61B768D7700C3E7CC /* FunFactsTests.xctest */,
			);
			name = Products;
			sourceTree = "<group>";
		};
		02B410AF1B768D7600C3E7CC /* FunFacts */ = {
			isa = PBXGroup;
			children = (
				02B410B41B768D7600C3E7CC /* AppDelegate.h */,
				02B410B51B768D7600C3E7CC /* AppDelegate.m */,
				02B410B71B768D7600C3E7CC /* ViewController.h */,
				02B410B81B768D7700C3E7CC /* ViewController.m */,
				02AA14511B78071A00EF76EB /* FactBook.h */,
				02AA14521B78071A00EF76EB /* FactBook.m */,
				020479241B78362A001570B9 /* ColorWheel.h */,
				020479251B78362A001570B9 /* ColorWheel.m */,
				02B410BA1B768D7700C3E7CC /* Main.storyboard */,
				02B410BD1B768D7700C3E7CC /* Images.xcassets */,
				02B410BF1B768D7700C3E7CC /* LaunchScreen.xib */,
				02B410B01B768D7600C3E7CC /* Supporting Files */,
			);
			path = FunFacts;
			sourceTree = "<group>";
		};
		02B410B01B768D7600C3E7CC /* Supporting Files */ = {
			isa = PBXGroup;
			children = (
				02B410B11B768D7600C3E7CC /* Info.plist */,
				02B410B21B768D7600C3E7CC /* main.m */,
			);
			name = "Supporting Files";
			sourceTree = "<group>";
		};
		02B410C91B768D7700C3E7CC /* FunFactsTests */ = {
			isa = PBXGroup;
			children = (
				02B410CC1B768D7700C3E7CC /* FunFactsTests.m */,
				02B410CA1B768D7700C3E7CC /* Supporting Files */,
			);
			path = FunFactsTests;
			sourceTree = "<group>";
		};
		02B410CA1B768D7700C3E7CC /* Supporting Files */ = {
			isa = PBXGroup;
			children = (
				02B410CB1B768D7700C3E7CC /* Info.plist */,
			);
			name = "Supporting Files";
			sourceTree = "<group>";
		};
/* End PBXGroup section */

/* Begin PBXNativeTarget section */
		02B410AC1B768D7600C3E7CC /* FunFacts */ = {
			isa = PBXNativeTarget;
			buildConfigurationList = 02B410D01B768D7700C3E7CC /* Build configuration list for PBXNativeTarget "FunFacts" */;
			buildPhases = (
				02B410A91B768D7600C3E7CC /* Sources */,
				02B410AA1B768D7600C3E7CC /* Frameworks */,
				02B410AB1B768D7600C3E7CC /* Resources */,
			);
			buildRules = (
			);
			dependencies = (
			);
			name = FunFacts;
			productName = FunFacts;
			productReference = 02B410AD1B768D7600C3E7CC /* FunFacts.app */;
			productType = "com.apple.product-type.application";
		};
		02B410C51B768D7700C3E7CC /* FunFactsTests */ = {
			isa = PBXNativeTarget;
			buildConfigurationList = 02B410D31B768D7700C3E7CC /* Build configuration list for PBXNativeTarget "FunFactsTests" */;
			buildPhases = (
				02B410C21B768D7700C3E7CC /* Sources */,
				02B410C31B768D7700C3E7CC /* Frameworks */,
				02B410C41B768D7700C3E7CC /* Resources */,
			);
			buildRules = (
			);
			dependencies = (
				02B410C81B768D7700C3E7CC /* PBXTargetDependency */,
			);
			name = FunFactsTests;
			productName = FunFactsTests;
			productReference = 02B410C61B768D7700C3E7CC /* FunFactsTests.xctest */;
			productType = "com.apple.product-type.bundle.unit-test";
		};
/* End PBXNativeTarget section */

/* Begin PBXProject section */
		02B410A51B768D7600C3E7CC /* Project object */ = {
			isa = PBXProject;
			attributes = {
				LastUpgradeCheck = 0640;
				ORGANIZATIONNAME = "Team Treehouse";
				TargetAttributes = {
					02B410AC1B768D7600C3E7CC = {
						CreatedOnToolsVersion = 6.4;
					};
					02B410C51B768D7700C3E7CC = {
						CreatedOnToolsVersion = 6.4;
						TestTargetID = 02B410AC1B768D7600C3E7CC;
					};
				};
			};
			buildConfigurationList = 02B410A81B768D7600C3E7CC /* Build configuration list for PBXProject "FunFacts" */;
			compatibilityVersion = "Xcode 3.2";
			developmentRegion = English;
			hasScannedForEncodings = 0;
			knownRegions = (
				en,
				Base,
			);
			mainGroup = 02B410A41B768D7600C3E7CC;
			productRefGroup = 02B410AE1B768D7600C3E7CC /* Products */;
			projectDirPath = "";
			projectRoot = "";
			targets = (
				02B410AC1B768D7600C3E7CC /* FunFacts */,
				02B410C51B768D7700C3E7CC /* FunFactsTests */,
			);
		};
/* End PBXProject section */

/* Begin PBXResourcesBuildPhase section */
		02B410AB1B768D7600C3E7CC /* Resources */ = {
			isa = PBXResourcesBuildPhase;
			buildActionMask = 2147483647;
			files = (
				02B410BC1B768D7700C3E7CC /* Main.storyboard in Resources */,
				02B410C11B768D7700C3E7CC /* LaunchScreen.xib in Resources */,
				02B410BE1B768D7700C3E7CC /* Images.xcassets in Resources */,
			);
			runOnlyForDeploymentPostprocessing = 0;
		};
		02B410C41B768D7700C3E7CC /* Resources */ = {
			isa = PBXResourcesBuildPhase;
			buildActionMask = 2147483647;
			files = (
			);
			runOnlyForDeploymentPostprocessing = 0;
		};
/* End PBXResourcesBuildPhase section */

/* Begin PBXSourcesBuildPhase section */
		02B410A91B768D7600C3E7CC /* Sources */ = {
			isa = PBXSourcesBuildPhase;
			buildActionMask = 2147483647;
			files = (
				02B410B91B768D7700C3E7CC /* ViewController.m in Sources */,
				02B410B61B768D7600C3E7CC /* AppDelegate.m in Sources */,
				02AA14531B78071A00EF76EB /* FactBook.m in Sources */,
				02B410B31B768D7600C3E7CC /* main.m in Sources */,
				020479261B78362A001570B9 /* ColorWheel.m in Sources */,
			);
			runOnlyForDeploymentPostprocessing = 0;
		};
		02B410C21B768D7700C3E7CC /* Sources */ = {
			isa = PBXSourcesBuildPhase;
			buildActionMask = 2147483647;
			files = (
				02B410CD1B768D7700C3E7CC /* FunFactsTests.m in Sources */,
			);
			runOnlyForDeploymentPostprocessing = 0;
		};
/* End PBXSourcesBuildPhase section */

/* Begin PBXTargetDependency section */
		02B410C81B768D7700C3E7CC /* PBXTargetDependency */ = {
			isa = PBXTargetDependency;
			target = 02B410AC1B768D7600C3E7CC /* FunFacts */;
			targetProxy = 02B410C71B768D7700C3E7CC /* PBXContainerItemProxy */;
		};
/* End PBXTargetDependency section */

/* Begin PBXVariantGroup section */
		02B410BA1B768D7700C3E7CC /* Main.storyboard */ = {
			isa = PBXVariantGroup;
			children = (
				02B410BB1B768D7700C3E7CC /* Base */,
			);
			name = Main.storyboard;
			sourceTree = "<group>";
		};
		02B410BF1B768D7700C3E7CC /* LaunchScreen.xib */ = {
			isa = PBXVariantGroup;
			children = (
				02B410C01B768D7700C3E7CC /* Base */,
			);
			name = LaunchScreen.xib;
			sourceTree = "<group>";
		};
/* End PBXVariantGroup section */

/* Begin XCBuildConfiguration section */
		02B410CE1B768D7700C3E7CC /* Debug */ = {
			isa = XCBuildConfiguration;
			buildSettings = {
				ALWAYS_SEARCH_USER_PATHS = NO;
				CLANG_CXX_LANGUAGE_STANDARD = "gnu++0x";
				CLANG_CXX_LIBRARY = "libc++";
				CLANG_ENABLE_MODULES = YES;
				CLANG_ENABLE_OBJC_ARC = YES;
				CLANG_WARN_BOOL_CONVERSION = YES;
				CLANG_WARN_CONSTANT_CONVERSION = YES;
				CLANG_WARN_DIRECT_OBJC_ISA_USAGE = YES_ERROR;
				CLANG_WARN_EMPTY_BODY = YES;
				CLANG_WARN_ENUM_CONVERSION = YES;
				CLANG_WARN_INT_CONVERSION = YES;
				CLANG_WARN_OBJC_ROOT_CLASS = YES_ERROR;
				CLANG_WARN_UNREACHABLE_CODE = YES;
				CLANG_WARN__DUPLICATE_METHOD_MATCH = YES;
				"CODE_SIGN_IDENTITY[sdk=iphoneos*]" = "iPhone Developer";
				COPY_PHASE_STRIP = NO;
				DEBUG_INFORMATION_FORMAT = "dwarf-with-dsym";
				ENABLE_STRICT_OBJC_MSGSEND = YES;
				GCC_C_LANGUAGE_STANDARD = gnu99;
				GCC_DYNAMIC_NO_PIC = NO;
				GCC_NO_COMMON_BLOCKS = YES;
				GCC_OPTIMIZATION_LEVEL = 0;
				GCC_PREPROCESSOR_DEFINITIONS = (
					"DEBUG=1",
					"$(inherited)",
				);
				GCC_SYMBOLS_PRIVATE_EXTERN = NO;
				GCC_WARN_64_TO_32_BIT_CONVERSION = YES;
				GCC_WARN_ABOUT_RETURN_TYPE = YES_ERROR;
				GCC_WARN_UNDECLARED_SELECTOR = YES;
				GCC_WARN_UNINITIALIZED_AUTOS = YES_AGGRESSIVE;
				GCC_WARN_UNUSED_FUNCTION = YES;
				GCC_WARN_UNUSED_VARIABLE = YES;
				IPHONEOS_DEPLOYMENT_TARGET = 8.4;
				MTL_ENABLE_DEBUG_INFO = YES;
				ONLY_ACTIVE_ARCH = YES;
				SDKROOT = iphoneos;
			};
			name = Debug;
		};
		02B410CF1B768D7700C3E7CC /* Release */ = {
			isa = XCBuildConfiguration;
			buildSettings = {
				ALWAYS_SEARCH_USER_PATHS = NO;
				CLANG_CXX_LANGUAGE_STANDARD = "gnu++0x";
				CLANG_CXX_LIBRARY = "libc++";
				CLANG_ENABLE_MODULES = YES;
				CLANG_ENABLE_OBJC_ARC = YES;
				CLANG_WARN_BOOL_CONVERSION = YES;
				CLANG_WARN_CONSTANT_CONVERSION = YES;
				CLANG_WARN_DIRECT_OBJC_ISA_USAGE = YES_ERROR;
				CLANG_WARN_EMPTY_BODY = YES;
				CLANG_WARN_ENUM_CONVERSION = YES;
				CLANG_WARN_INT_CONVERSION = YES;
				CLANG_WARN_OBJC_ROOT_CLASS = YES_ERROR;
				CLANG_WARN_UNREACHABLE_CODE = YES;
				CLANG_WARN__DUPLICATE_METHOD_MATCH = YES;
				"CODE_SIGN_IDENTITY[sdk=iphoneos*]" = "iPhone Developer";
				COPY_PHASE_STRIP = NO;
				DEBUG_INFORMATION_FORMAT = "dwarf-with-dsym";
				ENABLE_NS_ASSERTIONS = NO;
				ENABLE_STRICT_OBJC_MSGSEND = YES;
				GCC_C_LANGUAGE_STANDARD = gnu99;
				GCC_NO_COMMON_BLOCKS = YES;
				GCC_WARN_64_TO_32_BIT_CONVERSION = YES;
				GCC_WARN_ABOUT_RETURN_TYPE = YES_ERROR;
				GCC_WARN_UNDECLARED_SELECTOR = YES;
				GCC_WARN_UNINITIALIZED_AUTOS = YES_AGGRESSIVE;
				GCC_WARN_UNUSED_FUNCTION = YES;
				GCC_WARN_UNUSED_VARIABLE = YES;
				IPHONEOS_DEPLOYMENT_TARGET = 8.4;
				MTL_ENABLE_DEBUG_INFO = NO;
				SDKROOT = iphoneos;
				VALIDATE_PRODUCT = YES;
			};
			name = Release;
		};
		02B410D11B768D7700C3E7CC /* Debug */ = {
			isa = XCBuildConfiguration;
			buildSettings = {
				ASSETCATALOG_COMPILER_APPICON_NAME = AppIcon;
				INFOPLIST_FILE = FunFacts/Info.plist;
				LD_RUNPATH_SEARCH_PATHS = "$(inherited) @executable_path/Frameworks";
				PRODUCT_NAME = "$(TARGET_NAME)";
			};
			name = Debug;
		};
		02B410D21B768D7700C3E7CC /* Release */ = {
			isa = XCBuildConfiguration;
			buildSettings = {
				ASSETCATALOG_COMPILER_APPICON_NAME = AppIcon;
				INFOPLIST_FILE = FunFacts/Info.plist;
				LD_RUNPATH_SEARCH_PATHS = "$(inherited) @executable_path/Frameworks";
				PRODUCT_NAME = "$(TARGET_NAME)";
			};
			name = Release;
		};
		02B410D41B768D7700C3E7CC /* Debug */ = {
			isa = XCBuildConfiguration;
			buildSettings = {
				BUNDLE_LOADER = "$(TEST_HOST)";
				FRAMEWORK_SEARCH_PATHS = (
					"$(SDKROOT)/Developer/Library/Frameworks",
					"$(inherited)",
				);
				GCC_PREPROCESSOR_DEFINITIONS = (
					"DEBUG=1",
					"$(inherited)",
				);
				INFOPLIST_FILE = FunFactsTests/Info.plist;
				LD_RUNPATH_SEARCH_PATHS = "$(inherited) @executable_path/Frameworks @loader_path/Frameworks";
				PRODUCT_NAME = "$(TARGET_NAME)";
				TEST_HOST = "$(BUILT_PRODUCTS_DIR)/FunFacts.app/FunFacts";
			};
			name = Debug;
		};
		02B410D51B768D7700C3E7CC /* Release */ = {
			isa = XCBuildConfiguration;
			buildSettings = {
				BUNDLE_LOADER = "$(TEST_HOST)";
				FRAMEWORK_SEARCH_PATHS = (
					"$(SDKROOT)/Developer/Library/Frameworks",
					"$(inherited)",
				);
				INFOPLIST_FILE = FunFactsTests/Info.plist;
				LD_RUNPATH_SEARCH_PATHS = "$(inherited) @executable_path/Frameworks @loader_path/Frameworks";
				PRODUCT_NAME = "$(TARGET_NAME)";
				TEST_HOST = "$(BUILT_PRODUCTS_DIR)/FunFacts.app/FunFacts";
			};
			name = Release;
		};
/* End XCBuildConfiguration section */

/* Begin XCConfigurationList section */
		02B410A81B768D7600C3E7CC /* Build configuration list for PBXProject "FunFacts" */ = {
			isa = XCConfigurationList;
			buildConfigurations = (
				02B410CE1B768D7700C3E7CC /* Debug */,
				02B410CF1B768D7700C3E7CC /* Release */,
			);
			defaultConfigurationIsVisible = 0;
			defaultConfigurationName = Release;
		};
		02B410D01B768D7700C3E7CC /* Build configuration list for PBXNativeTarget "FunFacts" */ = {
			isa = XCConfigurationList;
			buildConfigurations = (
				02B410D11B768D7700C3E7CC /* Debug */,
				02B410D21B768D7700C3E7CC /* Release */,
			);
			defaultConfigurationIsVisible = 0;
			defaultConfigurationName = Release;
		};
		02B410D31B768D7700C3E7CC /* Build configuration list for PBXNativeTarget "FunFactsTests" */ = {
			isa = XCConfigurationList;
			buildConfigurations = (
				02B410D41B768D7700C3E7CC /* Debug */,
				02B410D51B768D7700C3E7CC /* Release */,
			);
			defaultConfigurationIsVisible = 0;
			defaultConfigurationName = Release;
		};
/* End XCConfigurationList section */
	};
	rootObject = 02B410A51B768D7600C3E7CC /* Project object */;
}
